PODS:
  - MagicalRecord (2.3.0)
  - NKJPagerViewController (0.3.2)
  - UITableView+FDTemplateLayoutCell (1.3)

DEPENDENCIES:
  - MagicalRecord
  - NKJPagerViewController
  - UITableView+FDTemplateLayoutCell (~> 1.1-beta)

SPEC CHECKSUMS:
  MagicalRecord: 89eb7d7ead39fb37f01c3d010665ee94d17f8dba
  NKJPagerViewController: e9420d009c68c1a947efd49796b7b4b4cca90860
  UITableView+FDTemplateLayoutCell: d5be6056b5060313f5955a2590ecd33142ad713d

COCOAPODS: 0.37.1
