// !$*UTF8*$!
{
	archiveVersion = 1;
	classes = {
	};
	objectVersion = 46;
	objects = {

/* Begin PBXBuildFile section */
		0B3A32521AE55D2F001E5E4A /* SharedContext.m in Sources */ = {isa = PBXBuildFile; fileRef = 0B3A32511AE55D2F001E5E4A /* SharedContext.m */; };
		0B3A32551AE55DD2001E5E4A /* SharedContext+User.m in Sources */ = {isa = PBXBuildFile; fileRef = 0B3A32541AE55DD2001E5E4A /* SharedContext+User.m */; };
		73F2CE23BB49B6360EE8E7B0 /* libPods.a in Frameworks */ = {isa = PBXBuildFile; fileRef = 121FC75BF74BBD3DF531984F /* libPods.a */; };
		DC9E24261AD1393A0068ACE8 /* NewsWebViewController.m in Sources */ = {isa = PBXBuildFile; fileRef = DC9E24251AD1393A0068ACE8 /* NewsWebViewController.m */; };
		DC9E245E1AD3AB2D0068ACE8 /* ClassBox.pdf in Resources */ = {isa = PBXBuildFile; fileRef = DC9E245B1AD3AB2D0068ACE8 /* ClassBox.pdf */; };
		DC9E245F1AD3AB2D0068ACE8 /* Explore.pdf in Resources */ = {isa = PBXBuildFile; fileRef = DC9E245C1AD3AB2D0068ACE8 /* Explore.pdf */; };
		DC9E24601AD3AB2D0068ACE8 /* NewsAndReports.pdf in Resources */ = {isa = PBXBuildFile; fileRef = DC9E245D1AD3AB2D0068ACE8 /* NewsAndReports.pdf */; };
		DCA31A431ACDB94B0042200A /* NewsTableViewController.m in Sources */ = {isa = PBXBuildFile; fileRef = DCA31A421ACDB94B0042200A /* NewsTableViewController.m */; };
		DCA31A461ACDC63D0042200A /* JustPostNewsTVC.m in Sources */ = {isa = PBXBuildFile; fileRef = DCA31A451ACDC63D0042200A /* JustPostNewsTVC.m */; };
		DCA31A4E1ACFEA9F0042200A /* NewsFetcher.m in Sources */ = {isa = PBXBuildFile; fileRef = DCA31A4D1ACFEA9F0042200A /* NewsFetcher.m */; };
		DCCA27871ADBC34400BA290C /* LoginViewController.m in Sources */ = {isa = PBXBuildFile; fileRef = DCCA27861ADBC34400BA290C /* LoginViewController.m */; };
		DCCA278A1ADBC36C00BA290C /* DiscoveryViewController.m in Sources */ = {isa = PBXBuildFile; fileRef = DCCA27891ADBC36C00BA290C /* DiscoveryViewController.m */; };
		DCCA27901ADF93F800BA290C /* StudentProfile.m in Sources */ = {isa = PBXBuildFile; fileRef = DCCA278F1ADF93F800BA290C /* StudentProfile.m */; };
		DCCF8DB51ABDB3CB00655FFB /* main.m in Sources */ = {isa = PBXBuildFile; fileRef = DCCF8DB41ABDB3CB00655FFB /* main.m */; };
		DCCF8DB81ABDB3CB00655FFB /* AppDelegate.m in Sources */ = {isa = PBXBuildFile; fileRef = DCCF8DB71ABDB3CB00655FFB /* AppDelegate.m */; };
		DCCF8DBB1ABDB3CB00655FFB /* ClassBoxForCityDLUT.xcdatamodeld in Sources */ = {isa = PBXBuildFile; fileRef = DCCF8DB91ABDB3CB00655FFB /* ClassBoxForCityDLUT.xcdatamodeld */; };
		DCCF8DC11ABDB3CB00655FFB /* Main.storyboard in Resources */ = {isa = PBXBuildFile; fileRef = DCCF8DBF1ABDB3CB00655FFB /* Main.storyboard */; };
		DCCF8DC61ABDB3CB00655FFB /* LaunchScreen.xib in Resources */ = {isa = PBXBuildFile; fileRef = DCCF8DC41ABDB3CB00655FFB /* LaunchScreen.xib */; };
		DCCF8DD21ABDB3CB00655FFB /* ClassBoxForCityDLUTTests.m in Sources */ = {isa = PBXBuildFile; fileRef = DCCF8DD11ABDB3CB00655FFB /* ClassBoxForCityDLUTTests.m */; };
		DCDD0E301AFCF163007601B1 /* ClassesNumCollectionViewCell.m in Sources */ = {isa = PBXBuildFile; fileRef = DCDD0E2F1AFCF163007601B1 /* ClassesNumCollectionViewCell.m */; };
		DCDE0FAA1AE8DAC900CAF63D /* Student.m in Sources */ = {isa = PBXBuildFile; fileRef = DCDE0FA91AE8DAC900CAF63D /* Student.m */; };
		DCDE1B841B07459F007EA05C /* ClassesFetcher.m in Sources */ = {isa = PBXBuildFile; fileRef = DCDE1B831B07459F007EA05C /* ClassesFetcher.m */; };
		DCDE1B871B086CB6007EA05C /* analysisClassesJSON.m in Sources */ = {isa = PBXBuildFile; fileRef = DCDE1B861B086CB6007EA05C /* analysisClassesJSON.m */; };
		DCE076F11AFF5DDA00D65302 /* AddClassViewController.m in Sources */ = {isa = PBXBuildFile; fileRef = DCE076F01AFF5DDA00D65302 /* AddClassViewController.m */; };
		DCE1C3A21B15C73F005566E8 /* Images.xcassets in Resources */ = {isa = PBXBuildFile; fileRef = DCE1C3A11B15C73E005566E8 /* Images.xcassets */; };
		DCE1C3A51B15E8CA005566E8 /* Course.m in Sources */ = {isa = PBXBuildFile; fileRef = DCE1C3A41B15E8CA005566E8 /* Course.m */; };
		DCE1C3A81B15F63F005566E8 /* CollectionViewCell.m in Sources */ = {isa = PBXBuildFile; fileRef = DCE1C3A71B15F63E005566E8 /* CollectionViewCell.m */; };
		DCF1F5541AFA183F00A126E9 /* ClassBoxViewController.m in Sources */ = {isa = PBXBuildFile; fileRef = DCF1F5531AFA183F00A126E9 /* ClassBoxViewController.m */; };
		DCF1F5571AFA18A300A126E9 /* WeekView.m in Sources */ = {isa = PBXBuildFile; fileRef = DCF1F5561AFA18A300A126E9 /* WeekView.m */; };
		DCF1F55A1AFA2EAD00A126E9 /* DateView.m in Sources */ = {isa = PBXBuildFile; fileRef = DCF1F5591AFA2EAD00A126E9 /* DateView.m */; };
/* End PBXBuildFile section */

/* Begin PBXContainerItemProxy section */
		DCCF8DCC1ABDB3CB00655FFB /* PBXContainerItemProxy */ = {
			isa = PBXContainerItemProxy;
			containerPortal = DCCF8DA71ABDB3CB00655FFB /* Project object */;
			proxyType = 1;
			remoteGlobalIDString = DCCF8DAE1ABDB3CB00655FFB;
			remoteInfo = TipsForCityDLUT;
		};
/* End PBXContainerItemProxy section */

/* Begin PBXFileReference section */
		066B0A1C63656C9D60B2D503 /* Pods.debug.xcconfig */ = {isa = PBXFileReference; includeInIndex = 1; lastKnownFileType = text.xcconfig; name = Pods.debug.xcconfig; path = "Pods/Target Support Files/Pods/Pods.debug.xcconfig"; sourceTree = "<group>"; };
		0B3A32501AE55D2F001E5E4A /* SharedContext.h */ = {isa = PBXFileReference; fileEncoding = 4; lastKnownFileType = sourcecode.c.h; path = SharedContext.h; sourceTree = "<group>"; };
		0B3A32511AE55D2F001E5E4A /* SharedContext.m */ = {isa = PBXFileReference; fileEncoding = 4; lastKnownFileType = sourcecode.c.objc; path = SharedContext.m; sourceTree = "<group>"; };
		0B3A32531AE55DD2001E5E4A /* SharedContext+User.h */ = {isa = PBXFileReference; fileEncoding = 4; lastKnownFileType = sourcecode.c.h; path = "SharedContext+User.h"; sourceTree = "<group>"; };
		0B3A32541AE55DD2001E5E4A /* SharedContext+User.m */ = {isa = PBXFileReference; fileEncoding = 4; lastKnownFileType = sourcecode.c.objc; path = "SharedContext+User.m"; sourceTree = "<group>"; };
		121FC75BF74BBD3DF531984F /* libPods.a */ = {isa = PBXFileReference; explicitFileType = archive.ar; includeInIndex = 0; path = libPods.a; sourceTree = BUILT_PRODUCTS_DIR; };
		25B39D0F7502D18E9B9C9E3A /* Pods.release.xcconfig */ = {isa = PBXFileReference; includeInIndex = 1; lastKnownFileType = text.xcconfig; name = Pods.release.xcconfig; path = "Pods/Target Support Files/Pods/Pods.release.xcconfig"; sourceTree = "<group>"; };
		DC9E24241AD1393A0068ACE8 /* NewsWebViewController.h */ = {isa = PBXFileReference; fileEncoding = 4; lastKnownFileType = sourcecode.c.h; path = NewsWebViewController.h; sourceTree = "<group>"; };
		DC9E24251AD1393A0068ACE8 /* NewsWebViewController.m */ = {isa = PBXFileReference; fileEncoding = 4; lastKnownFileType = sourcecode.c.objc; path = NewsWebViewController.m; sourceTree = "<group>"; };
		DC9E245B1AD3AB2D0068ACE8 /* ClassBox.pdf */ = {isa = PBXFileReference; lastKnownFileType = image.pdf; name = ClassBox.pdf; path = Resoucre/ClassBox.pdf; sourceTree = "<group>"; };
		DC9E245C1AD3AB2D0068ACE8 /* Explore.pdf */ = {isa = PBXFileReference; lastKnownFileType = image.pdf; name = Explore.pdf; path = Resoucre/Explore.pdf; sourceTree = "<group>"; };
		DC9E245D1AD3AB2D0068ACE8 /* NewsAndReports.pdf */ = {isa = PBXFileReference; lastKnownFileType = image.pdf; name = NewsAndReports.pdf; path = Resoucre/NewsAndReports.pdf; sourceTree = "<group>"; };
		DCA31A3E1ACDB6870042200A /* ClassBoxForCityDLUT.entitlements */ = {isa = PBXFileReference; lastKnownFileType = text.xml; path = ClassBoxForCityDLUT.entitlements; sourceTree = "<group>"; };
		DCA31A411ACDB94B0042200A /* NewsTableViewController.h */ = {isa = PBXFileReference; fileEncoding = 4; lastKnownFileType = sourcecode.c.h; path = NewsTableViewController.h; sourceTree = "<group>"; };
		DCA31A421ACDB94B0042200A /* NewsTableViewController.m */ = {isa = PBXFileReference; fileEncoding = 4; lastKnownFileType = sourcecode.c.objc; path = NewsTableViewController.m; sourceTree = "<group>"; };
		DCA31A441ACDC63D0042200A /* JustPostNewsTVC.h */ = {isa = PBXFileReference; fileEncoding = 4; lastKnownFileType = sourcecode.c.h; path = JustPostNewsTVC.h; sourceTree = "<group>"; };
		DCA31A451ACDC63D0042200A /* JustPostNewsTVC.m */ = {isa = PBXFileReference; fileEncoding = 4; lastKnownFileType = sourcecode.c.objc; path = JustPostNewsTVC.m; sourceTree = "<group>"; };
		DCA31A491ACFE50E0042200A /* API.h */ = {isa = PBXFileReference; fileEncoding = 4; lastKnownFileType = sourcecode.c.h; path = API.h; sourceTree = "<group>"; };
		DCA31A4C1ACFEA9F0042200A /* NewsFetcher.h */ = {isa = PBXFileReference; fileEncoding = 4; lastKnownFileType = sourcecode.c.h; path = NewsFetcher.h; sourceTree = "<group>"; };
		DCA31A4D1ACFEA9F0042200A /* NewsFetcher.m */ = {isa = PBXFileReference; fileEncoding = 4; lastKnownFileType = sourcecode.c.objc; path = NewsFetcher.m; sourceTree = "<group>"; };
		DCCA27851ADBC34400BA290C /* LoginViewController.h */ = {isa = PBXFileReference; fileEncoding = 4; lastKnownFileType = sourcecode.c.h; path = LoginViewController.h; sourceTree = "<group>"; };
		DCCA27861ADBC34400BA290C /* LoginViewController.m */ = {isa = PBXFileReference; fileEncoding = 4; lastKnownFileType = sourcecode.c.objc; path = LoginViewController.m; sourceTree = "<group>"; };
		DCCA27881ADBC36C00BA290C /* DiscoveryViewController.h */ = {isa = PBXFileReference; fileEncoding = 4; lastKnownFileType = sourcecode.c.h; path = DiscoveryViewController.h; sourceTree = "<group>"; };
		DCCA27891ADBC36C00BA290C /* DiscoveryViewController.m */ = {isa = PBXFileReference; fileEncoding = 4; lastKnownFileType = sourcecode.c.objc; path = DiscoveryViewController.m; sourceTree = "<group>"; };
		DCCA278E1ADF93F800BA290C /* StudentProfile.h */ = {isa = PBXFileReference; fileEncoding = 4; lastKnownFileType = sourcecode.c.h; path = StudentProfile.h; sourceTree = "<group>"; };
		DCCA278F1ADF93F800BA290C /* StudentProfile.m */ = {isa = PBXFileReference; fileEncoding = 4; lastKnownFileType = sourcecode.c.objc; path = StudentProfile.m; sourceTree = "<group>"; };
		DCCF8DAF1ABDB3CB00655FFB /* ClassBoxForCityDLUT.app */ = {isa = PBXFileReference; explicitFileType = wrapper.application; includeInIndex = 0; path = ClassBoxForCityDLUT.app; sourceTree = BUILT_PRODUCTS_DIR; };
		DCCF8DB31ABDB3CB00655FFB /* Info.plist */ = {isa = PBXFileReference; lastKnownFileType = text.plist.xml; path = Info.plist; sourceTree = "<group>"; };
		DCCF8DB41ABDB3CB00655FFB /* main.m */ = {isa = PBXFileReference; lastKnownFileType = sourcecode.c.objc; path = main.m; sourceTree = "<group>"; };
		DCCF8DB61ABDB3CB00655FFB /* AppDelegate.h */ = {isa = PBXFileReference; lastKnownFileType = sourcecode.c.h; path = AppDelegate.h; sourceTree = "<group>"; };
		DCCF8DB71ABDB3CB00655FFB /* AppDelegate.m */ = {isa = PBXFileReference; lastKnownFileType = sourcecode.c.objc; path = AppDelegate.m; sourceTree = "<group>"; };
		DCCF8DBA1ABDB3CB00655FFB /* ClassBoxForCityDLUT.xcdatamodel */ = {isa = PBXFileReference; lastKnownFileType = wrapper.xcdatamodel; path = ClassBoxForCityDLUT.xcdatamodel; sourceTree = "<group>"; };
		DCCF8DC01ABDB3CB00655FFB /* Base */ = {isa = PBXFileReference; lastKnownFileType = file.storyboard; name = Base; path = Base.lproj/Main.storyboard; sourceTree = "<group>"; };
		DCCF8DC51ABDB3CB00655FFB /* Base */ = {isa = PBXFileReference; lastKnownFileType = file.xib; name = Base; path = Base.lproj/LaunchScreen.xib; sourceTree = "<group>"; };
		DCCF8DCB1ABDB3CB00655FFB /* ClassBoxForCityDLUTTests.xctest */ = {isa = PBXFileReference; explicitFileType = wrapper.cfbundle; includeInIndex = 0; path = ClassBoxForCityDLUTTests.xctest; sourceTree = BUILT_PRODUCTS_DIR; };
		DCCF8DD01ABDB3CB00655FFB /* Info.plist */ = {isa = PBXFileReference; lastKnownFileType = text.plist.xml; path = Info.plist; sourceTree = "<group>"; };
		DCCF8DD11ABDB3CB00655FFB /* ClassBoxForCityDLUTTests.m */ = {isa = PBXFileReference; lastKnownFileType = sourcecode.c.objc; path = ClassBoxForCityDLUTTests.m; sourceTree = "<group>"; };
		DCDD0E2E1AFCF163007601B1 /* ClassesNumCollectionViewCell.h */ = {isa = PBXFileReference; fileEncoding = 4; lastKnownFileType = sourcecode.c.h; path = ClassesNumCollectionViewCell.h; sourceTree = "<group>"; };
		DCDD0E2F1AFCF163007601B1 /* ClassesNumCollectionViewCell.m */ = {isa = PBXFileReference; fileEncoding = 4; lastKnownFileType = sourcecode.c.objc; path = ClassesNumCollectionViewCell.m; sourceTree = "<group>"; };
		DCDE0FA81AE8DAC900CAF63D /* Student.h */ = {isa = PBXFileReference; fileEncoding = 4; lastKnownFileType = sourcecode.c.h; path = Student.h; sourceTree = "<group>"; };
		DCDE0FA91AE8DAC900CAF63D /* Student.m */ = {isa = PBXFileReference; fileEncoding = 4; lastKnownFileType = sourcecode.c.objc; path = Student.m; sourceTree = "<group>"; };
		DCDE1B821B07459F007EA05C /* ClassesFetcher.h */ = {isa = PBXFileReference; fileEncoding = 4; lastKnownFileType = sourcecode.c.h; path = ClassesFetcher.h; sourceTree = "<group>"; };
		DCDE1B831B07459F007EA05C /* ClassesFetcher.m */ = {isa = PBXFileReference; fileEncoding = 4; lastKnownFileType = sourcecode.c.objc; path = ClassesFetcher.m; sourceTree = "<group>"; };
		DCDE1B851B086CB6007EA05C /* analysisClassesJSON.h */ = {isa = PBXFileReference; fileEncoding = 4; lastKnownFileType = sourcecode.c.h; path = analysisClassesJSON.h; sourceTree = "<group>"; };
		DCDE1B861B086CB6007EA05C /* analysisClassesJSON.m */ = {isa = PBXFileReference; fileEncoding = 4; lastKnownFileType = sourcecode.c.objc; path = analysisClassesJSON.m; sourceTree = "<group>"; };
		DCE076EF1AFF5DDA00D65302 /* AddClassViewController.h */ = {isa = PBXFileReference; fileEncoding = 4; lastKnownFileType = sourcecode.c.h; path = AddClassViewController.h; sourceTree = "<group>"; };
		DCE076F01AFF5DDA00D65302 /* AddClassViewController.m */ = {isa = PBXFileReference; fileEncoding = 4; lastKnownFileType = sourcecode.c.objc; path = AddClassViewController.m; sourceTree = "<group>"; };
		DCE1C3A11B15C73E005566E8 /* Images.xcassets */ = {isa = PBXFileReference; lastKnownFileType = folder.assetcatalog; path = Images.xcassets; sourceTree = "<group>"; };
		DCE1C3A31B15E8CA005566E8 /* Course.h */ = {isa = PBXFileReference; fileEncoding = 4; lastKnownFileType = sourcecode.c.h; path = Course.h; sourceTree = "<group>"; };
		DCE1C3A41B15E8CA005566E8 /* Course.m */ = {isa = PBXFileReference; fileEncoding = 4; lastKnownFileType = sourcecode.c.objc; path = Course.m; sourceTree = "<group>"; };
		DCE1C3A61B15F63E005566E8 /* CollectionViewCell.h */ = {isa = PBXFileReference; fileEncoding = 4; lastKnownFileType = sourcecode.c.h; path = CollectionViewCell.h; sourceTree = "<group>"; };
		DCE1C3A71B15F63E005566E8 /* CollectionViewCell.m */ = {isa = PBXFileReference; fileEncoding = 4; lastKnownFileType = sourcecode.c.objc; path = CollectionViewCell.m; sourceTree = "<group>"; };
		DCF1F5521AFA183F00A126E9 /* ClassBoxViewController.h */ = {isa = PBXFileReference; fileEncoding = 4; lastKnownFileType = sourcecode.c.h; path = ClassBoxViewController.h; sourceTree = "<group>"; };
		DCF1F5531AFA183F00A126E9 /* ClassBoxViewController.m */ = {isa = PBXFileReference; fileEncoding = 4; lastKnownFileType = sourcecode.c.objc; path = ClassBoxViewController.m; sourceTree = "<group>"; };
		DCF1F5551AFA18A300A126E9 /* WeekView.h */ = {isa = PBXFileReference; fileEncoding = 4; lastKnownFileType = sourcecode.c.h; path = WeekView.h; sourceTree = "<group>"; };
		DCF1F5561AFA18A300A126E9 /* WeekView.m */ = {isa = PBXFileReference; fileEncoding = 4; lastKnownFileType = sourcecode.c.objc; path = WeekView.m; sourceTree = "<group>"; };
		DCF1F5581AFA2EAD00A126E9 /* DateView.h */ = {isa = PBXFileReference; fileEncoding = 4; lastKnownFileType = sourcecode.c.h; path = DateView.h; sourceTree = "<group>"; };
		DCF1F5591AFA2EAD00A126E9 /* DateView.m */ = {isa = PBXFileReference; fileEncoding = 4; lastKnownFileType = sourcecode.c.objc; path = DateView.m; sourceTree = "<group>"; };
/* End PBXFileReference section */

/* Begin PBXFrameworksBuildPhase section */
		DCCF8DAC1ABDB3CB00655FFB /* Frameworks */ = {
			isa = PBXFrameworksBuildPhase;
			buildActionMask = 2147483647;
			files = (
				73F2CE23BB49B6360EE8E7B0 /* libPods.a in Frameworks */,
			);
			runOnlyForDeploymentPostprocessing = 0;
		};
		DCCF8DC81ABDB3CB00655FFB /* Frameworks */ = {
			isa = PBXFrameworksBuildPhase;
			buildActionMask = 2147483647;
			files = (
			);
			runOnlyForDeploymentPostprocessing = 0;
		};
/* End PBXFrameworksBuildPhase section */

/* Begin PBXGroup section */
		0B3A324F1AE55AA6001E5E4A /* SharedContext */ = {
			isa = PBXGroup;
			children = (
				0B3A32501AE55D2F001E5E4A /* SharedContext.h */,
				0B3A32511AE55D2F001E5E4A /* SharedContext.m */,
				0B3A32531AE55DD2001E5E4A /* SharedContext+User.h */,
				0B3A32541AE55DD2001E5E4A /* SharedContext+User.m */,
			);
			name = SharedContext;
			sourceTree = "<group>";
		};
		0EBB7FD1CD0672797843FD60 /* Pods */ = {
			isa = PBXGroup;
			children = (
				066B0A1C63656C9D60B2D503 /* Pods.debug.xcconfig */,
				25B39D0F7502D18E9B9C9E3A /* Pods.release.xcconfig */,
			);
			name = Pods;
			sourceTree = "<group>";
		};
		5BF7B148978733A852151500 /* Frameworks */ = {
			isa = PBXGroup;
			children = (
				121FC75BF74BBD3DF531984F /* libPods.a */,
			);
			name = Frameworks;
			sourceTree = "<group>";
		};
		DC9E24611AD53C240068ACE8 /* News and Reports */ = {
			isa = PBXGroup;
			children = (
				DCA31A411ACDB94B0042200A /* NewsTableViewController.h */,
				DCA31A421ACDB94B0042200A /* NewsTableViewController.m */,
				DCA31A441ACDC63D0042200A /* JustPostNewsTVC.h */,
				DCA31A451ACDC63D0042200A /* JustPostNewsTVC.m */,
				DC9E24241AD1393A0068ACE8 /* NewsWebViewController.h */,
				DC9E24251AD1393A0068ACE8 /* NewsWebViewController.m */,
			);
			name = "News and Reports";
			sourceTree = "<group>";
		};
		DC9E24621AD53C370068ACE8 /* ClassCalendar */ = {
			isa = PBXGroup;
			children = (
				DCE076F21B008C2200D65302 /* addClasses */,
				DCF1F5521AFA183F00A126E9 /* ClassBoxViewController.h */,
				DCF1F5531AFA183F00A126E9 /* ClassBoxViewController.m */,
				DCF1F5551AFA18A300A126E9 /* WeekView.h */,
				DCF1F5561AFA18A300A126E9 /* WeekView.m */,
				DCF1F5581AFA2EAD00A126E9 /* DateView.h */,
				DCF1F5591AFA2EAD00A126E9 /* DateView.m */,
				DCDD0E2E1AFCF163007601B1 /* ClassesNumCollectionViewCell.h */,
				DCDD0E2F1AFCF163007601B1 /* ClassesNumCollectionViewCell.m */,
			);
			name = ClassCalendar;
			sourceTree = "<group>";
		};
		DC9E24631AD6801D0068ACE8 /* Discovery */ = {
			isa = PBXGroup;
			children = (
				DCCA27841ADBC32700BA290C /* Login */,
				DCCA27881ADBC36C00BA290C /* DiscoveryViewController.h */,
				DCCA27891ADBC36C00BA290C /* DiscoveryViewController.m */,
				DCE1C3A61B15F63E005566E8 /* CollectionViewCell.h */,
				DCE1C3A71B15F63E005566E8 /* CollectionViewCell.m */,
			);
			name = Discovery;
			sourceTree = "<group>";
		};
		DCA31A311AC99F720042200A /* ImageSouce */ = {
			isa = PBXGroup;
			children = (
				DC9E245B1AD3AB2D0068ACE8 /* ClassBox.pdf */,
				DC9E245C1AD3AB2D0068ACE8 /* Explore.pdf */,
				DC9E245D1AD3AB2D0068ACE8 /* NewsAndReports.pdf */,
			);
			name = ImageSouce;
			sourceTree = "<group>";
		};
		DCA31A381ACA6F3D0042200A /* Delegate */ = {
			isa = PBXGroup;
			children = (
				DCCF8DB61ABDB3CB00655FFB /* AppDelegate.h */,
				DCCF8DB71ABDB3CB00655FFB /* AppDelegate.m */,
			);
			name = Delegate;
			sourceTree = "<group>";
		};
		DCA31A391ACDB6290042200A /* Controller */ = {
			isa = PBXGroup;
			children = (
				DC9E24631AD6801D0068ACE8 /* Discovery */,
				DC9E24621AD53C370068ACE8 /* ClassCalendar */,
				DC9E24611AD53C240068ACE8 /* News and Reports */,
			);
			name = Controller;
			sourceTree = "<group>";
		};
		DCA31A3A1ACDB6410042200A /* UI */ = {
			isa = PBXGroup;
			children = (
				DCCF8DBF1ABDB3CB00655FFB /* Main.storyboard */,
				DCCF8DC41ABDB3CB00655FFB /* LaunchScreen.xib */,
			);
			name = UI;
			sourceTree = "<group>";
		};
		DCA31A3B1ACDB6570042200A /* Data */ = {
			isa = PBXGroup;
			children = (
				DCE1C3A31B15E8CA005566E8 /* Course.h */,
				DCE1C3A41B15E8CA005566E8 /* Course.m */,
				DCDE0FA81AE8DAC900CAF63D /* Student.h */,
				DCDE0FA91AE8DAC900CAF63D /* Student.m */,
				DCCF8DB91ABDB3CB00655FFB /* ClassBoxForCityDLUT.xcdatamodeld */,
			);
			name = Data;
			sourceTree = "<group>";
		};
		DCCA27841ADBC32700BA290C /* Login */ = {
			isa = PBXGroup;
			children = (
				DCCA27851ADBC34400BA290C /* LoginViewController.h */,
				DCCA27861ADBC34400BA290C /* LoginViewController.m */,
			);
			name = Login;
			sourceTree = "<group>";
		};
		DCCF8DA61ABDB3CB00655FFB = {
			isa = PBXGroup;
			children = (
				DCCF8DB11ABDB3CB00655FFB /* ClassBoxForCityDLUT */,
				DCCF8DCE1ABDB3CB00655FFB /* ClassBoxForCityDLUTTests */,
				DCCF8DB01ABDB3CB00655FFB /* Products */,
				DCA31A311AC99F720042200A /* ImageSouce */,
				0EBB7FD1CD0672797843FD60 /* Pods */,
				5BF7B148978733A852151500 /* Frameworks */,
			);
			sourceTree = "<group>";
		};
		DCCF8DB01ABDB3CB00655FFB /* Products */ = {
			isa = PBXGroup;
			children = (
				DCCF8DAF1ABDB3CB00655FFB /* ClassBoxForCityDLUT.app */,
				DCCF8DCB1ABDB3CB00655FFB /* ClassBoxForCityDLUTTests.xctest */,
			);
			name = Products;
			sourceTree = "<group>";
		};
		DCCF8DB11ABDB3CB00655FFB /* ClassBoxForCityDLUT */ = {
			isa = PBXGroup;
			children = (
				DCA31A3E1ACDB6870042200A /* ClassBoxForCityDLUT.entitlements */,
				DCA31A3B1ACDB6570042200A /* Data */,
				DCA31A3A1ACDB6410042200A /* UI */,
				DCA31A391ACDB6290042200A /* Controller */,
				DCA31A381ACA6F3D0042200A /* Delegate */,
				DCD3ECB91AC54D2E0014971C /* API  */,
				DCCF8DB21ABDB3CB00655FFB /* Supporting Files */,
			);
			path = ClassBoxForCityDLUT;
			sourceTree = "<group>";
		};
		DCCF8DB21ABDB3CB00655FFB /* Supporting Files */ = {
			isa = PBXGroup;
			children = (
				DCE1C3A11B15C73E005566E8 /* Images.xcassets */,
				DCDE1B851B086CB6007EA05C /* analysisClassesJSON.h */,
				DCDE1B861B086CB6007EA05C /* analysisClassesJSON.m */,
				0B3A324F1AE55AA6001E5E4A /* SharedContext */,
				DCCF8DB31ABDB3CB00655FFB /* Info.plist */,
				DCCF8DB41ABDB3CB00655FFB /* main.m */,
			);
			name = "Supporting Files";
			sourceTree = "<group>";
		};
		DCCF8DCE1ABDB3CB00655FFB /* ClassBoxForCityDLUTTests */ = {
			isa = PBXGroup;
			children = (
				DCCF8DD11ABDB3CB00655FFB /* ClassBoxForCityDLUTTests.m */,
				DCCF8DCF1ABDB3CB00655FFB /* Supporting Files */,
			);
			path = ClassBoxForCityDLUTTests;
			sourceTree = "<group>";
		};
		DCCF8DCF1ABDB3CB00655FFB /* Supporting Files */ = {
			isa = PBXGroup;
			children = (
				DCCF8DD01ABDB3CB00655FFB /* Info.plist */,
			);
			name = "Supporting Files";
			sourceTree = "<group>";
		};
		DCD3ECB91AC54D2E0014971C /* API  */ = {
			isa = PBXGroup;
			children = (
				DCA31A491ACFE50E0042200A /* API.h */,
				DCA31A4C1ACFEA9F0042200A /* NewsFetcher.h */,
				DCA31A4D1ACFEA9F0042200A /* NewsFetcher.m */,
				DCCA278E1ADF93F800BA290C /* StudentProfile.h */,
				DCCA278F1ADF93F800BA290C /* StudentProfile.m */,
				DCDE1B821B07459F007EA05C /* ClassesFetcher.h */,
				DCDE1B831B07459F007EA05C /* ClassesFetcher.m */,
			);
			name = "API ";
			sourceTree = "<group>";
		};
		DCE076F21B008C2200D65302 /* addClasses */ = {
			isa = PBXGroup;
			children = (
				DCE076EF1AFF5DDA00D65302 /* AddClassViewController.h */,
				DCE076F01AFF5DDA00D65302 /* AddClassViewController.m */,
			);
			name = addClasses;
			sourceTree = "<group>";
		};
/* End PBXGroup section */

/* Begin PBXNativeTarget section */
		DCCF8DAE1ABDB3CB00655FFB /* ClassBoxForCityDLUT */ = {
			isa = PBXNativeTarget;
			buildConfigurationList = DCCF8DD51ABDB3CB00655FFB /* Build configuration list for PBXNativeTarget "ClassBoxForCityDLUT" */;
			buildPhases = (
				5FB67979C1330203B5B949AA /* Check Pods Manifest.lock */,
				DCCF8DAB1ABDB3CB00655FFB /* Sources */,
				DCCF8DAC1ABDB3CB00655FFB /* Frameworks */,
				DCCF8DAD1ABDB3CB00655FFB /* Resources */,
				3C3C3B09CC533E5DB3FDE632 /* Copy Pods Resources */,
			);
			buildRules = (
			);
			dependencies = (
			);
			name = ClassBoxForCityDLUT;
			productName = TipsForCityDLUT;
			productReference = DCCF8DAF1ABDB3CB00655FFB /* ClassBoxForCityDLUT.app */;
			productType = "com.apple.product-type.application";
		};
		DCCF8DCA1ABDB3CB00655FFB /* ClassBoxForCityDLUTTests */ = {
			isa = PBXNativeTarget;
			buildConfigurationList = DCCF8DD81ABDB3CB00655FFB /* Build configuration list for PBXNativeTarget "ClassBoxForCityDLUTTests" */;
			buildPhases = (
				DCCF8DC71ABDB3CB00655FFB /* Sources */,
				DCCF8DC81ABDB3CB00655FFB /* Frameworks */,
				DCCF8DC91ABDB3CB00655FFB /* Resources */,
			);
			buildRules = (
			);
			dependencies = (
				DCCF8DCD1ABDB3CB00655FFB /* PBXTargetDependency */,
			);
			name = ClassBoxForCityDLUTTests;
			productName = TipsForCityDLUTTests;
			productReference = DCCF8DCB1ABDB3CB00655FFB /* ClassBoxForCityDLUTTests.xctest */;
			productType = "com.apple.product-type.bundle.unit-test";
		};
/* End PBXNativeTarget section */

/* Begin PBXProject section */
		DCCF8DA71ABDB3CB00655FFB /* Project object */ = {
			isa = PBXProject;
			attributes = {
				LastUpgradeCheck = 0620;
				ORGANIZATIONNAME = com.DavidHu;
				TargetAttributes = {
					DCCF8DAE1ABDB3CB00655FFB = {
						CreatedOnToolsVersion = 6.2;
						DevelopmentTeam = 7RH8SYCWZN;
						SystemCapabilities = {
							com.apple.BackgroundModes = {
								enabled = 1;
							};
							com.apple.WAC = {
								enabled = 0;
							};
						};
					};
					DCCF8DCA1ABDB3CB00655FFB = {
						CreatedOnToolsVersion = 6.2;
						TestTargetID = DCCF8DAE1ABDB3CB00655FFB;
					};
				};
			};
			buildConfigurationList = DCCF8DAA1ABDB3CB00655FFB /* Build configuration list for PBXProject "ClassBoxForCityDLUT" */;
			compatibilityVersion = "Xcode 3.2";
			developmentRegion = English;
			hasScannedForEncodings = 0;
			knownRegions = (
				en,
				Base,
			);
			mainGroup = DCCF8DA61ABDB3CB00655FFB;
			productRefGroup = DCCF8DB01ABDB3CB00655FFB /* Products */;
			projectDirPath = "";
			projectRoot = "";
			targets = (
				DCCF8DAE1ABDB3CB00655FFB /* ClassBoxForCityDLUT */,
				DCCF8DCA1ABDB3CB00655FFB /* ClassBoxForCityDLUTTests */,
			);
		};
/* End PBXProject section */

/* Begin PBXResourcesBuildPhase section */
		DCCF8DAD1ABDB3CB00655FFB /* Resources */ = {
			isa = PBXResourcesBuildPhase;
			buildActionMask = 2147483647;
			files = (
				DCCF8DC11ABDB3CB00655FFB /* Main.storyboard in Resources */,
				DCCF8DC61ABDB3CB00655FFB /* LaunchScreen.xib in Resources */,
				DC9E24601AD3AB2D0068ACE8 /* NewsAndReports.pdf in Resources */,
				DCE1C3A21B15C73F005566E8 /* Images.xcassets in Resources */,
				DC9E245E1AD3AB2D0068ACE8 /* ClassBox.pdf in Resources */,
				DC9E245F1AD3AB2D0068ACE8 /* Explore.pdf in Resources */,
			);
			runOnlyForDeploymentPostprocessing = 0;
		};
		DCCF8DC91ABDB3CB00655FFB /* Resources */ = {
			isa = PBXResourcesBuildPhase;
			buildActionMask = 2147483647;
			files = (
			);
			runOnlyForDeploymentPostprocessing = 0;
		};
/* End PBXResourcesBuildPhase section */

/* Begin PBXShellScriptBuildPhase section */
		3C3C3B09CC533E5DB3FDE632 /* Copy Pods Resources */ = {
			isa = PBXShellScriptBuildPhase;
			buildActionMask = 2147483647;
			files = (
			);
			inputPaths = (
			);
			name = "Copy Pods Resources";
			outputPaths = (
			);
			runOnlyForDeploymentPostprocessing = 0;
			shellPath = /bin/sh;
			shellScript = "\"${SRCROOT}/Pods/Target Support Files/Pods/Pods-resources.sh\"\n";
			showEnvVarsInLog = 0;
		};
		5FB67979C1330203B5B949AA /* Check Pods Manifest.lock */ = {
			isa = PBXShellScriptBuildPhase;
			buildActionMask = 2147483647;
			files = (
			);
			inputPaths = (
			);
			name = "Check Pods Manifest.lock";
			outputPaths = (
			);
			runOnlyForDeploymentPostprocessing = 0;
			shellPath = /bin/sh;
			shellScript = "diff \"${PODS_ROOT}/../Podfile.lock\" \"${PODS_ROOT}/Manifest.lock\" > /dev/null\nif [[ $? != 0 ]] ; then\n    cat << EOM\nerror: The sandbox is not in sync with the Podfile.lock. Run 'pod install' or update your CocoaPods installation.\nEOM\n    exit 1\nfi\n";
			showEnvVarsInLog = 0;
		};
/* End PBXShellScriptBuildPhase section */

/* Begin PBXSourcesBuildPhase section */
		DCCF8DAB1ABDB3CB00655FFB /* Sources */ = {
			isa = PBXSourcesBuildPhase;
			buildActionMask = 2147483647;
			files = (
				DCF1F5571AFA18A300A126E9 /* WeekView.m in Sources */,
				0B3A32521AE55D2F001E5E4A /* SharedContext.m in Sources */,
				DCDD0E301AFCF163007601B1 /* ClassesNumCollectionViewCell.m in Sources */,
				DCDE0FAA1AE8DAC900CAF63D /* Student.m in Sources */,
				DCDE1B871B086CB6007EA05C /* analysisClassesJSON.m in Sources */,
				DCA31A431ACDB94B0042200A /* NewsTableViewController.m in Sources */,
				DCCF8DBB1ABDB3CB00655FFB /* ClassBoxForCityDLUT.xcdatamodeld in Sources */,
				DCE1C3A51B15E8CA005566E8 /* Course.m in Sources */,
				DCA31A461ACDC63D0042200A /* JustPostNewsTVC.m in Sources */,
				DCA31A4E1ACFEA9F0042200A /* NewsFetcher.m in Sources */,
				DCE076F11AFF5DDA00D65302 /* AddClassViewController.m in Sources */,
				DCF1F5541AFA183F00A126E9 /* ClassBoxViewController.m in Sources */,
				DCCA27871ADBC34400BA290C /* LoginViewController.m in Sources */,
				DC9E24261AD1393A0068ACE8 /* NewsWebViewController.m in Sources */,
				DCCA278A1ADBC36C00BA290C /* DiscoveryViewController.m in Sources */,
				DCDE1B841B07459F007EA05C /* ClassesFetcher.m in Sources */,
				DCCF8DB81ABDB3CB00655FFB /* AppDelegate.m in Sources */,
				0B3A32551AE55DD2001E5E4A /* SharedContext+User.m in Sources */,
				DCCF8DB51ABDB3CB00655FFB /* main.m in Sources */,
				DCF1F55A1AFA2EAD00A126E9 /* DateView.m in Sources */,
				DCE1C3A81B15F63F005566E8 /* CollectionViewCell.m in Sources */,
				DCCA27901ADF93F800BA290C /* StudentProfile.m in Sources */,
			);
			runOnlyForDeploymentPostprocessing = 0;
		};
		DCCF8DC71ABDB3CB00655FFB /* Sources */ = {
			isa = PBXSourcesBuildPhase;
			buildActionMask = 2147483647;
			files = (
				DCCF8DD21ABDB3CB00655FFB /* ClassBoxForCityDLUTTests.m in Sources */,
			);
			runOnlyForDeploymentPostprocessing = 0;
		};
/* End PBXSourcesBuildPhase section */

/* Begin PBXTargetDependency section */
		DCCF8DCD1ABDB3CB00655FFB /* PBXTargetDependency */ = {
			isa = PBXTargetDependency;
			target = DCCF8DAE1ABDB3CB00655FFB /* ClassBoxForCityDLUT */;
			targetProxy = DCCF8DCC1ABDB3CB00655FFB /* PBXContainerItemProxy */;
		};
/* End PBXTargetDependency section */

/* Begin PBXVariantGroup section */
		DCCF8DBF1ABDB3CB00655FFB /* Main.storyboard */ = {
			isa = PBXVariantGroup;
			children = (
				DCCF8DC01ABDB3CB00655FFB /* Base */,
			);
			name = Main.storyboard;
			sourceTree = "<group>";
		};
		DCCF8DC41ABDB3CB00655FFB /* LaunchScreen.xib */ = {
			isa = PBXVariantGroup;
			children = (
				DCCF8DC51ABDB3CB00655FFB /* Base */,
			);
			name = LaunchScreen.xib;
			sourceTree = "<group>";
		};
/* End PBXVariantGroup section */

/* Begin XCBuildConfiguration section */
		DCCF8DD31ABDB3CB00655FFB /* Debug */ = {
			isa = XCBuildConfiguration;
			buildSettings = {
				ALWAYS_SEARCH_USER_PATHS = NO;
				CLANG_CXX_LANGUAGE_STANDARD = "gnu++0x";
				CLANG_CXX_LIBRARY = "libc++";
				CLANG_ENABLE_MODULES = YES;
				CLANG_ENABLE_OBJC_ARC = YES;
				CLANG_WARN_BOOL_CONVERSION = YES;
				CLANG_WARN_CONSTANT_CONVERSION = YES;
				CLANG_WARN_DIRECT_OBJC_ISA_USAGE = YES_ERROR;
				CLANG_WARN_EMPTY_BODY = YES;
				CLANG_WARN_ENUM_CONVERSION = YES;
				CLANG_WARN_INT_CONVERSION = YES;
				CLANG_WARN_OBJC_ROOT_CLASS = YES_ERROR;
				CLANG_WARN_UNREACHABLE_CODE = YES;
				CLANG_WARN__DUPLICATE_METHOD_MATCH = YES;
				"CODE_SIGN_IDENTITY[sdk=iphoneos*]" = "";
				COPY_PHASE_STRIP = NO;
				ENABLE_STRICT_OBJC_MSGSEND = YES;
				GCC_C_LANGUAGE_STANDARD = gnu99;
				GCC_DYNAMIC_NO_PIC = NO;
				GCC_OPTIMIZATION_LEVEL = 0;
				GCC_PREPROCESSOR_DEFINITIONS = (
					"DEBUG=1",
					"$(inherited)",
				);
				GCC_SYMBOLS_PRIVATE_EXTERN = NO;
				GCC_WARN_64_TO_32_BIT_CONVERSION = YES;
				GCC_WARN_ABOUT_RETURN_TYPE = YES_ERROR;
				GCC_WARN_UNDECLARED_SELECTOR = YES;
				GCC_WARN_UNINITIALIZED_AUTOS = YES_AGGRESSIVE;
				GCC_WARN_UNUSED_FUNCTION = YES;
				GCC_WARN_UNUSED_VARIABLE = YES;
				IPHONEOS_DEPLOYMENT_TARGET = 8.2;
				MTL_ENABLE_DEBUG_INFO = YES;
				ONLY_ACTIVE_ARCH = YES;
				SDKROOT = iphoneos;
			};
			name = Debug;
		};
		DCCF8DD41ABDB3CB00655FFB /* Release */ = {
			isa = XCBuildConfiguration;
			buildSettings = {
				ALWAYS_SEARCH_USER_PATHS = NO;
				CLANG_CXX_LANGUAGE_STANDARD = "gnu++0x";
				CLANG_CXX_LIBRARY = "libc++";
				CLANG_ENABLE_MODULES = YES;
				CLANG_ENABLE_OBJC_ARC = YES;
				CLANG_WARN_BOOL_CONVERSION = YES;
				CLANG_WARN_CONSTANT_CONVERSION = YES;
				CLANG_WARN_DIRECT_OBJC_ISA_USAGE = YES_ERROR;
				CLANG_WARN_EMPTY_BODY = YES;
				CLANG_WARN_ENUM_CONVERSION = YES;
				CLANG_WARN_INT_CONVERSION = YES;
				CLANG_WARN_OBJC_ROOT_CLASS = YES_ERROR;
				CLANG_WARN_UNREACHABLE_CODE = YES;
				CLANG_WARN__DUPLICATE_METHOD_MATCH = YES;
				"CODE_SIGN_IDENTITY[sdk=iphoneos*]" = "";
				COPY_PHASE_STRIP = NO;
				ENABLE_NS_ASSERTIONS = NO;
				ENABLE_STRICT_OBJC_MSGSEND = YES;
				GCC_C_LANGUAGE_STANDARD = gnu99;
				GCC_WARN_64_TO_32_BIT_CONVERSION = YES;
				GCC_WARN_ABOUT_RETURN_TYPE = YES_ERROR;
				GCC_WARN_UNDECLARED_SELECTOR = YES;
				GCC_WARN_UNINITIALIZED_AUTOS = YES_AGGRESSIVE;
				GCC_WARN_UNUSED_FUNCTION = YES;
				GCC_WARN_UNUSED_VARIABLE = YES;
				IPHONEOS_DEPLOYMENT_TARGET = 8.2;
				MTL_ENABLE_DEBUG_INFO = NO;
				SDKROOT = iphoneos;
				VALIDATE_PRODUCT = YES;
			};
			name = Release;
		};
		DCCF8DD61ABDB3CB00655FFB /* Debug */ = {
			isa = XCBuildConfiguration;
			baseConfigurationReference = 066B0A1C63656C9D60B2D503 /* Pods.debug.xcconfig */;
			buildSettings = {
				ASSETCATALOG_COMPILER_APPICON_NAME = AppIcon;
				CODE_SIGN_IDENTITY = "iPhone Developer";
				"CODE_SIGN_IDENTITY[sdk=iphoneos*]" = "iPhone Developer";
				INFOPLIST_FILE = ClassBoxForCityDLUT/Info.plist;
				LD_RUNPATH_SEARCH_PATHS = "$(inherited) @executable_path/Frameworks";
				PRODUCT_NAME = ClassBoxForCityDLUT;
				PROVISIONING_PROFILE = "";
			};
			name = Debug;
		};
		DCCF8DD71ABDB3CB00655FFB /* Release */ = {
			isa = XCBuildConfiguration;
			baseConfigurationReference = 25B39D0F7502D18E9B9C9E3A /* Pods.release.xcconfig */;
			buildSettings = {
				ASSETCATALOG_COMPILER_APPICON_NAME = AppIcon;
				CODE_SIGN_IDENTITY = "iPhone Developer";
				"CODE_SIGN_IDENTITY[sdk=iphoneos*]" = "iPhone Developer";
				INFOPLIST_FILE = ClassBoxForCityDLUT/Info.plist;
				LD_RUNPATH_SEARCH_PATHS = "$(inherited) @executable_path/Frameworks";
				PRODUCT_NAME = ClassBoxForCityDLUT;
				PROVISIONING_PROFILE = "";
			};
			name = Release;
		};
		DCCF8DD91ABDB3CB00655FFB /* Debug */ = {
			isa = XCBuildConfiguration;
			buildSettings = {
				BUNDLE_LOADER = "$(TEST_HOST)";
				FRAMEWORK_SEARCH_PATHS = (
					"$(SDKROOT)/Developer/Library/Frameworks",
					"$(inherited)",
				);
				GCC_PREPROCESSOR_DEFINITIONS = (
					"DEBUG=1",
					"$(inherited)",
				);
				INFOPLIST_FILE = ClassBoxForCityDLUTTests/Info.plist;
				LD_RUNPATH_SEARCH_PATHS = "$(inherited) @executable_path/Frameworks @loader_path/Frameworks";
				PRODUCT_NAME = ClassBoxForCityDLUTTests;
				TEST_HOST = "$(BUILT_PRODUCTS_DIR)/ClassBoxForCityDLUT.app/ClassBoxForCityDLUT";
			};
			name = Debug;
		};
		DCCF8DDA1ABDB3CB00655FFB /* Release */ = {
			isa = XCBuildConfiguration;
			buildSettings = {
				BUNDLE_LOADER = "$(TEST_HOST)";
				FRAMEWORK_SEARCH_PATHS = (
					"$(SDKROOT)/Developer/Library/Frameworks",
					"$(inherited)",
				);
				INFOPLIST_FILE = ClassBoxForCityDLUTTests/Info.plist;
				LD_RUNPATH_SEARCH_PATHS = "$(inherited) @executable_path/Frameworks @loader_path/Frameworks";
				PRODUCT_NAME = ClassBoxForCityDLUTTests;
				TEST_HOST = "$(BUILT_PRODUCTS_DIR)/ClassBoxForCityDLUT.app/ClassBoxForCityDLUT";
			};
			name = Release;
		};
/* End XCBuildConfiguration section */

/* Begin XCConfigurationList section */
		DCCF8DAA1ABDB3CB00655FFB /* Build configuration list for PBXProject "ClassBoxForCityDLUT" */ = {
			isa = XCConfigurationList;
			buildConfigurations = (
				DCCF8DD31ABDB3CB00655FFB /* Debug */,
				DCCF8DD41ABDB3CB00655FFB /* Release */,
			);
			defaultConfigurationIsVisible = 0;
			defaultConfigurationName = Release;
		};
		DCCF8DD51ABDB3CB00655FFB /* Build configuration list for PBXNativeTarget "ClassBoxForCityDLUT" */ = {
			isa = XCConfigurationList;
			buildConfigurations = (
				DCCF8DD61ABDB3CB00655FFB /* Debug */,
				DCCF8DD71ABDB3CB00655FFB /* Release */,
			);
			defaultConfigurationIsVisible = 0;
			defaultConfigurationName = Release;
		};
		DCCF8DD81ABDB3CB00655FFB /* Build configuration list for PBXNativeTarget "ClassBoxForCityDLUTTests" */ = {
			isa = XCConfigurationList;
			buildConfigurations = (
				DCCF8DD91ABDB3CB00655FFB /* Debug */,
				DCCF8DDA1ABDB3CB00655FFB /* Release */,
			);
			defaultConfigurationIsVisible = 0;
			defaultConfigurationName = Release;
		};
/* End XCConfigurationList section */

/* Begin XCVersionGroup section */
		DCCF8DB91ABDB3CB00655FFB /* ClassBoxForCityDLUT.xcdatamodeld */ = {
			isa = XCVersionGroup;
			children = (
				DCCF8DBA1ABDB3CB00655FFB /* ClassBoxForCityDLUT.xcdatamodel */,
			);
			currentVersion = DCCF8DBA1ABDB3CB00655FFB /* ClassBoxForCityDLUT.xcdatamodel */;
			path = ClassBoxForCityDLUT.xcdatamodeld;
			sourceTree = "<group>";
			versionGroupType = wrapper.xcdatamodel;
		};
/* End XCVersionGroup section */
	};
	rootObject = DCCF8DA71ABDB3CB00655FFB /* Project object */;
}
