// !$*UTF8*$!
{
	archiveVersion = 1;
	classes = {
	};
	objectVersion = 46;
	objects = {

/* Begin PBXBuildFile section */
		DCA31A331AC99F8E0042200A /* ClassBox.pdf in Resources */ = {isa = PBXBuildFile; fileRef = DCA31A321AC99F8E0042200A /* ClassBox.pdf */; };
		DCA31A351AC9A8A90042200A /* Explore.pdf in Resources */ = {isa = PBXBuildFile; fileRef = DCA31A341AC9A8A90042200A /* Explore.pdf */; };
		DCA31A371AC9A8BD0042200A /* NewsAndReports.pdf in Resources */ = {isa = PBXBuildFile; fileRef = DCA31A361AC9A8BD0042200A /* NewsAndReports.pdf */; };
		DCA31A431ACDB94B0042200A /* NewsTableViewController.m in Sources */ = {isa = PBXBuildFile; fileRef = DCA31A421ACDB94B0042200A /* NewsTableViewController.m */; };
		DCA31A461ACDC63D0042200A /* JustPostNewsTVC.m in Sources */ = {isa = PBXBuildFile; fileRef = DCA31A451ACDC63D0042200A /* JustPostNewsTVC.m */; };
		DCA31A4E1ACFEA9F0042200A /* DataFetcher.m in Sources */ = {isa = PBXBuildFile; fileRef = DCA31A4D1ACFEA9F0042200A /* DataFetcher.m */; };
		DCCF8DB51ABDB3CB00655FFB /* main.m in Sources */ = {isa = PBXBuildFile; fileRef = DCCF8DB41ABDB3CB00655FFB /* main.m */; };
		DCCF8DB81ABDB3CB00655FFB /* AppDelegate.m in Sources */ = {isa = PBXBuildFile; fileRef = DCCF8DB71ABDB3CB00655FFB /* AppDelegate.m */; };
		DCCF8DBB1ABDB3CB00655FFB /* TipsForCityDLUT.xcdatamodeld in Sources */ = {isa = PBXBuildFile; fileRef = DCCF8DB91ABDB3CB00655FFB /* TipsForCityDLUT.xcdatamodeld */; };
		DCCF8DBE1ABDB3CB00655FFB /* ViewController.m in Sources */ = {isa = PBXBuildFile; fileRef = DCCF8DBD1ABDB3CB00655FFB /* ViewController.m */; };
		DCCF8DC11ABDB3CB00655FFB /* Main.storyboard in Resources */ = {isa = PBXBuildFile; fileRef = DCCF8DBF1ABDB3CB00655FFB /* Main.storyboard */; };
		DCCF8DC31ABDB3CB00655FFB /* Images.xcassets in Resources */ = {isa = PBXBuildFile; fileRef = DCCF8DC21ABDB3CB00655FFB /* Images.xcassets */; };
		DCCF8DC61ABDB3CB00655FFB /* LaunchScreen.xib in Resources */ = {isa = PBXBuildFile; fileRef = DCCF8DC41ABDB3CB00655FFB /* LaunchScreen.xib */; };
		DCCF8DD21ABDB3CB00655FFB /* TipsForCityDLUTTests.m in Sources */ = {isa = PBXBuildFile; fileRef = DCCF8DD11ABDB3CB00655FFB /* TipsForCityDLUTTests.m */; };
/* End PBXBuildFile section */

/* Begin PBXContainerItemProxy section */
		DCCF8DCC1ABDB3CB00655FFB /* PBXContainerItemProxy */ = {
			isa = PBXContainerItemProxy;
			containerPortal = DCCF8DA71ABDB3CB00655FFB /* Project object */;
			proxyType = 1;
			remoteGlobalIDString = DCCF8DAE1ABDB3CB00655FFB;
			remoteInfo = TipsForCityDLUT;
		};
/* End PBXContainerItemProxy section */

/* Begin PBXFileReference section */
		DCA31A321AC99F8E0042200A /* ClassBox.pdf */ = {isa = PBXFileReference; lastKnownFileType = image.pdf; path = ClassBox.pdf; sourceTree = "<group>"; };
		DCA31A341AC9A8A90042200A /* Explore.pdf */ = {isa = PBXFileReference; lastKnownFileType = image.pdf; path = Explore.pdf; sourceTree = "<group>"; };
		DCA31A361AC9A8BD0042200A /* NewsAndReports.pdf */ = {isa = PBXFileReference; lastKnownFileType = image.pdf; path = NewsAndReports.pdf; sourceTree = "<group>"; };
		DCA31A3E1ACDB6870042200A /* TipsForCityDLUT.entitlements */ = {isa = PBXFileReference; lastKnownFileType = text.xml; path = TipsForCityDLUT.entitlements; sourceTree = "<group>"; };
		DCA31A411ACDB94B0042200A /* NewsTableViewController.h */ = {isa = PBXFileReference; fileEncoding = 4; lastKnownFileType = sourcecode.c.h; path = NewsTableViewController.h; sourceTree = "<group>"; };
		DCA31A421ACDB94B0042200A /* NewsTableViewController.m */ = {isa = PBXFileReference; fileEncoding = 4; lastKnownFileType = sourcecode.c.objc; path = NewsTableViewController.m; sourceTree = "<group>"; };
		DCA31A441ACDC63D0042200A /* JustPostNewsTVC.h */ = {isa = PBXFileReference; fileEncoding = 4; lastKnownFileType = sourcecode.c.h; path = JustPostNewsTVC.h; sourceTree = "<group>"; };
		DCA31A451ACDC63D0042200A /* JustPostNewsTVC.m */ = {isa = PBXFileReference; fileEncoding = 4; lastKnownFileType = sourcecode.c.objc; path = JustPostNewsTVC.m; sourceTree = "<group>"; };
		DCA31A491ACFE50E0042200A /* API.h */ = {isa = PBXFileReference; fileEncoding = 4; lastKnownFileType = sourcecode.c.h; path = API.h; sourceTree = "<group>"; };
		DCA31A4C1ACFEA9F0042200A /* DataFetcher.h */ = {isa = PBXFileReference; fileEncoding = 4; lastKnownFileType = sourcecode.c.h; path = DataFetcher.h; sourceTree = "<group>"; };
		DCA31A4D1ACFEA9F0042200A /* DataFetcher.m */ = {isa = PBXFileReference; fileEncoding = 4; lastKnownFileType = sourcecode.c.objc; path = DataFetcher.m; sourceTree = "<group>"; };
		DCCF8DAF1ABDB3CB00655FFB /* TipsForCityDLUT.app */ = {isa = PBXFileReference; explicitFileType = wrapper.application; includeInIndex = 0; path = TipsForCityDLUT.app; sourceTree = BUILT_PRODUCTS_DIR; };
		DCCF8DB31ABDB3CB00655FFB /* Info.plist */ = {isa = PBXFileReference; lastKnownFileType = text.plist.xml; path = Info.plist; sourceTree = "<group>"; };
		DCCF8DB41ABDB3CB00655FFB /* main.m */ = {isa = PBXFileReference; lastKnownFileType = sourcecode.c.objc; path = main.m; sourceTree = "<group>"; };
		DCCF8DB61ABDB3CB00655FFB /* AppDelegate.h */ = {isa = PBXFileReference; lastKnownFileType = sourcecode.c.h; path = AppDelegate.h; sourceTree = "<group>"; };
		DCCF8DB71ABDB3CB00655FFB /* AppDelegate.m */ = {isa = PBXFileReference; lastKnownFileType = sourcecode.c.objc; path = AppDelegate.m; sourceTree = "<group>"; };
		DCCF8DBA1ABDB3CB00655FFB /* TipsForCityDLUT.xcdatamodel */ = {isa = PBXFileReference; lastKnownFileType = wrapper.xcdatamodel; path = TipsForCityDLUT.xcdatamodel; sourceTree = "<group>"; };
		DCCF8DBC1ABDB3CB00655FFB /* ViewController.h */ = {isa = PBXFileReference; lastKnownFileType = sourcecode.c.h; path = ViewController.h; sourceTree = "<group>"; };
		DCCF8DBD1ABDB3CB00655FFB /* ViewController.m */ = {isa = PBXFileReference; lastKnownFileType = sourcecode.c.objc; path = ViewController.m; sourceTree = "<group>"; };
		DCCF8DC01ABDB3CB00655FFB /* Base */ = {isa = PBXFileReference; lastKnownFileType = file.storyboard; name = Base; path = Base.lproj/Main.storyboard; sourceTree = "<group>"; };
		DCCF8DC21ABDB3CB00655FFB /* Images.xcassets */ = {isa = PBXFileReference; lastKnownFileType = folder.assetcatalog; path = Images.xcassets; sourceTree = "<group>"; };
		DCCF8DC51ABDB3CB00655FFB /* Base */ = {isa = PBXFileReference; lastKnownFileType = file.xib; name = Base; path = Base.lproj/LaunchScreen.xib; sourceTree = "<group>"; };
		DCCF8DCB1ABDB3CB00655FFB /* TipsForCityDLUTTests.xctest */ = {isa = PBXFileReference; explicitFileType = wrapper.cfbundle; includeInIndex = 0; path = TipsForCityDLUTTests.xctest; sourceTree = BUILT_PRODUCTS_DIR; };
		DCCF8DD01ABDB3CB00655FFB /* Info.plist */ = {isa = PBXFileReference; lastKnownFileType = text.plist.xml; path = Info.plist; sourceTree = "<group>"; };
		DCCF8DD11ABDB3CB00655FFB /* TipsForCityDLUTTests.m */ = {isa = PBXFileReference; lastKnownFileType = sourcecode.c.objc; path = TipsForCityDLUTTests.m; sourceTree = "<group>"; };
/* End PBXFileReference section */

/* Begin PBXFrameworksBuildPhase section */
		DCCF8DAC1ABDB3CB00655FFB /* Frameworks */ = {
			isa = PBXFrameworksBuildPhase;
			buildActionMask = 2147483647;
			files = (
			);
			runOnlyForDeploymentPostprocessing = 0;
		};
		DCCF8DC81ABDB3CB00655FFB /* Frameworks */ = {
			isa = PBXFrameworksBuildPhase;
			buildActionMask = 2147483647;
			files = (
			);
			runOnlyForDeploymentPostprocessing = 0;
		};
/* End PBXFrameworksBuildPhase section */

/* Begin PBXGroup section */
		DCA31A311AC99F720042200A /* ImageSouce */ = {
			isa = PBXGroup;
			children = (
				DCA31A361AC9A8BD0042200A /* NewsAndReports.pdf */,
				DCA31A341AC9A8A90042200A /* Explore.pdf */,
				DCA31A321AC99F8E0042200A /* ClassBox.pdf */,
			);
			name = ImageSouce;
			sourceTree = "<group>";
		};
		DCA31A381ACA6F3D0042200A /* Delegate */ = {
			isa = PBXGroup;
			children = (
				DCCF8DB61ABDB3CB00655FFB /* AppDelegate.h */,
				DCCF8DB71ABDB3CB00655FFB /* AppDelegate.m */,
			);
			name = Delegate;
			sourceTree = "<group>";
		};
		DCA31A391ACDB6290042200A /* Controller */ = {
			isa = PBXGroup;
			children = (
				DCCF8DBC1ABDB3CB00655FFB /* ViewController.h */,
				DCCF8DBD1ABDB3CB00655FFB /* ViewController.m */,
				DCA31A411ACDB94B0042200A /* NewsTableViewController.h */,
				DCA31A421ACDB94B0042200A /* NewsTableViewController.m */,
				DCA31A441ACDC63D0042200A /* JustPostNewsTVC.h */,
				DCA31A451ACDC63D0042200A /* JustPostNewsTVC.m */,
			);
			name = Controller;
			sourceTree = "<group>";
		};
		DCA31A3A1ACDB6410042200A /* UI */ = {
			isa = PBXGroup;
			children = (
				DCCF8DBF1ABDB3CB00655FFB /* Main.storyboard */,
				DCCF8DC41ABDB3CB00655FFB /* LaunchScreen.xib */,
			);
			name = UI;
			sourceTree = "<group>";
		};
		DCA31A3B1ACDB6570042200A /* Data */ = {
			isa = PBXGroup;
			children = (
				DCCF8DB91ABDB3CB00655FFB /* TipsForCityDLUT.xcdatamodeld */,
			);
			name = Data;
			sourceTree = "<group>";
		};
		DCCF8DA61ABDB3CB00655FFB = {
			isa = PBXGroup;
			children = (
				DCCF8DB11ABDB3CB00655FFB /* TipsForCityDLUT */,
				DCCF8DCE1ABDB3CB00655FFB /* TipsForCityDLUTTests */,
				DCCF8DB01ABDB3CB00655FFB /* Products */,
				DCA31A311AC99F720042200A /* ImageSouce */,
			);
			sourceTree = "<group>";
		};
		DCCF8DB01ABDB3CB00655FFB /* Products */ = {
			isa = PBXGroup;
			children = (
				DCCF8DAF1ABDB3CB00655FFB /* TipsForCityDLUT.app */,
				DCCF8DCB1ABDB3CB00655FFB /* TipsForCityDLUTTests.xctest */,
			);
			name = Products;
			sourceTree = "<group>";
		};
		DCCF8DB11ABDB3CB00655FFB /* TipsForCityDLUT */ = {
			isa = PBXGroup;
			children = (
				DCA31A3E1ACDB6870042200A /* TipsForCityDLUT.entitlements */,
				DCA31A3B1ACDB6570042200A /* Data */,
				DCA31A3A1ACDB6410042200A /* UI */,
				DCA31A391ACDB6290042200A /* Controller */,
				DCA31A381ACA6F3D0042200A /* Delegate */,
				DCD3ECB91AC54D2E0014971C /* API  */,
				DCCF8DC21ABDB3CB00655FFB /* Images.xcassets */,
				DCCF8DB21ABDB3CB00655FFB /* Supporting Files */,
			);
			path = TipsForCityDLUT;
			sourceTree = "<group>";
		};
		DCCF8DB21ABDB3CB00655FFB /* Supporting Files */ = {
			isa = PBXGroup;
			children = (
				DCCF8DB31ABDB3CB00655FFB /* Info.plist */,
				DCCF8DB41ABDB3CB00655FFB /* main.m */,
			);
			name = "Supporting Files";
			sourceTree = "<group>";
		};
		DCCF8DCE1ABDB3CB00655FFB /* TipsForCityDLUTTests */ = {
			isa = PBXGroup;
			children = (
				DCCF8DD11ABDB3CB00655FFB /* TipsForCityDLUTTests.m */,
				DCCF8DCF1ABDB3CB00655FFB /* Supporting Files */,
			);
			path = TipsForCityDLUTTests;
			sourceTree = "<group>";
		};
		DCCF8DCF1ABDB3CB00655FFB /* Supporting Files */ = {
			isa = PBXGroup;
			children = (
				DCCF8DD01ABDB3CB00655FFB /* Info.plist */,
			);
			name = "Supporting Files";
			sourceTree = "<group>";
		};
		DCD3ECB91AC54D2E0014971C /* API  */ = {
			isa = PBXGroup;
			children = (
				DCA31A491ACFE50E0042200A /* API.h */,
				DCA31A4C1ACFEA9F0042200A /* DataFetcher.h */,
				DCA31A4D1ACFEA9F0042200A /* DataFetcher.m */,
			);
			name = "API ";
			sourceTree = "<group>";
		};
/* End PBXGroup section */

/* Begin PBXNativeTarget section */
		DCCF8DAE1ABDB3CB00655FFB /* TipsForCityDLUT */ = {
			isa = PBXNativeTarget;
			buildConfigurationList = DCCF8DD51ABDB3CB00655FFB /* Build configuration list for PBXNativeTarget "TipsForCityDLUT" */;
			buildPhases = (
				DCCF8DAB1ABDB3CB00655FFB /* Sources */,
				DCCF8DAC1ABDB3CB00655FFB /* Frameworks */,
				DCCF8DAD1ABDB3CB00655FFB /* Resources */,
			);
			buildRules = (
			);
			dependencies = (
			);
			name = TipsForCityDLUT;
			productName = TipsForCityDLUT;
			productReference = DCCF8DAF1ABDB3CB00655FFB /* TipsForCityDLUT.app */;
			productType = "com.apple.product-type.application";
		};
		DCCF8DCA1ABDB3CB00655FFB /* TipsForCityDLUTTests */ = {
			isa = PBXNativeTarget;
			buildConfigurationList = DCCF8DD81ABDB3CB00655FFB /* Build configuration list for PBXNativeTarget "TipsForCityDLUTTests" */;
			buildPhases = (
				DCCF8DC71ABDB3CB00655FFB /* Sources */,
				DCCF8DC81ABDB3CB00655FFB /* Frameworks */,
				DCCF8DC91ABDB3CB00655FFB /* Resources */,
			);
			buildRules = (
			);
			dependencies = (
				DCCF8DCD1ABDB3CB00655FFB /* PBXTargetDependency */,
			);
			name = TipsForCityDLUTTests;
			productName = TipsForCityDLUTTests;
			productReference = DCCF8DCB1ABDB3CB00655FFB /* TipsForCityDLUTTests.xctest */;
			productType = "com.apple.product-type.bundle.unit-test";
		};
/* End PBXNativeTarget section */

/* Begin PBXProject section */
		DCCF8DA71ABDB3CB00655FFB /* Project object */ = {
			isa = PBXProject;
			attributes = {
				LastUpgradeCheck = 0620;
				ORGANIZATIONNAME = com.DavidHu;
				TargetAttributes = {
					DCCF8DAE1ABDB3CB00655FFB = {
						CreatedOnToolsVersion = 6.2;
						DevelopmentTeam = 7RH8SYCWZN;
						SystemCapabilities = {
							com.apple.BackgroundModes = {
								enabled = 1;
							};
							com.apple.WAC = {
								enabled = 0;
							};
						};
					};
					DCCF8DCA1ABDB3CB00655FFB = {
						CreatedOnToolsVersion = 6.2;
						TestTargetID = DCCF8DAE1ABDB3CB00655FFB;
					};
				};
			};
			buildConfigurationList = DCCF8DAA1ABDB3CB00655FFB /* Build configuration list for PBXProject "TipsForCityDLUT" */;
			compatibilityVersion = "Xcode 3.2";
			developmentRegion = English;
			hasScannedForEncodings = 0;
			knownRegions = (
				en,
				Base,
			);
			mainGroup = DCCF8DA61ABDB3CB00655FFB;
			productRefGroup = DCCF8DB01ABDB3CB00655FFB /* Products */;
			projectDirPath = "";
			projectRoot = "";
			targets = (
				DCCF8DAE1ABDB3CB00655FFB /* TipsForCityDLUT */,
				DCCF8DCA1ABDB3CB00655FFB /* TipsForCityDLUTTests */,
			);
		};
/* End PBXProject section */

/* Begin PBXResourcesBuildPhase section */
		DCCF8DAD1ABDB3CB00655FFB /* Resources */ = {
			isa = PBXResourcesBuildPhase;
			buildActionMask = 2147483647;
			files = (
				DCCF8DC11ABDB3CB00655FFB /* Main.storyboard in Resources */,
				DCCF8DC61ABDB3CB00655FFB /* LaunchScreen.xib in Resources */,
				DCCF8DC31ABDB3CB00655FFB /* Images.xcassets in Resources */,
				DCA31A371AC9A8BD0042200A /* NewsAndReports.pdf in Resources */,
				DCA31A331AC99F8E0042200A /* ClassBox.pdf in Resources */,
				DCA31A351AC9A8A90042200A /* Explore.pdf in Resources */,
			);
			runOnlyForDeploymentPostprocessing = 0;
		};
		DCCF8DC91ABDB3CB00655FFB /* Resources */ = {
			isa = PBXResourcesBuildPhase;
			buildActionMask = 2147483647;
			files = (
			);
			runOnlyForDeploymentPostprocessing = 0;
		};
/* End PBXResourcesBuildPhase section */

/* Begin PBXSourcesBuildPhase section */
		DCCF8DAB1ABDB3CB00655FFB /* Sources */ = {
			isa = PBXSourcesBuildPhase;
			buildActionMask = 2147483647;
			files = (
				DCA31A431ACDB94B0042200A /* NewsTableViewController.m in Sources */,
				DCCF8DBB1ABDB3CB00655FFB /* TipsForCityDLUT.xcdatamodeld in Sources */,
				DCA31A461ACDC63D0042200A /* JustPostNewsTVC.m in Sources */,
				DCA31A4E1ACFEA9F0042200A /* DataFetcher.m in Sources */,
				DCCF8DB81ABDB3CB00655FFB /* AppDelegate.m in Sources */,
				DCCF8DBE1ABDB3CB00655FFB /* ViewController.m in Sources */,
				DCCF8DB51ABDB3CB00655FFB /* main.m in Sources */,
			);
			runOnlyForDeploymentPostprocessing = 0;
		};
		DCCF8DC71ABDB3CB00655FFB /* Sources */ = {
			isa = PBXSourcesBuildPhase;
			buildActionMask = 2147483647;
			files = (
				DCCF8DD21ABDB3CB00655FFB /* TipsForCityDLUTTests.m in Sources */,
			);
			runOnlyForDeploymentPostprocessing = 0;
		};
/* End PBXSourcesBuildPhase section */

/* Begin PBXTargetDependency section */
		DCCF8DCD1ABDB3CB00655FFB /* PBXTargetDependency */ = {
			isa = PBXTargetDependency;
			target = DCCF8DAE1ABDB3CB00655FFB /* TipsForCityDLUT */;
			targetProxy = DCCF8DCC1ABDB3CB00655FFB /* PBXContainerItemProxy */;
		};
/* End PBXTargetDependency section */

/* Begin PBXVariantGroup section */
		DCCF8DBF1ABDB3CB00655FFB /* Main.storyboard */ = {
			isa = PBXVariantGroup;
			children = (
				DCCF8DC01ABDB3CB00655FFB /* Base */,
			);
			name = Main.storyboard;
			sourceTree = "<group>";
		};
		DCCF8DC41ABDB3CB00655FFB /* LaunchScreen.xib */ = {
			isa = PBXVariantGroup;
			children = (
				DCCF8DC51ABDB3CB00655FFB /* Base */,
			);
			name = LaunchScreen.xib;
			sourceTree = "<group>";
		};
/* End PBXVariantGroup section */

/* Begin XCBuildConfiguration section */
		DCCF8DD31ABDB3CB00655FFB /* Debug */ = {
			isa = XCBuildConfiguration;
			buildSettings = {
				ALWAYS_SEARCH_USER_PATHS = NO;
				CLANG_CXX_LANGUAGE_STANDARD = "gnu++0x";
				CLANG_CXX_LIBRARY = "libc++";
				CLANG_ENABLE_MODULES = YES;
				CLANG_ENABLE_OBJC_ARC = YES;
				CLANG_WARN_BOOL_CONVERSION = YES;
				CLANG_WARN_CONSTANT_CONVERSION = YES;
				CLANG_WARN_DIRECT_OBJC_ISA_USAGE = YES_ERROR;
				CLANG_WARN_EMPTY_BODY = YES;
				CLANG_WARN_ENUM_CONVERSION = YES;
				CLANG_WARN_INT_CONVERSION = YES;
				CLANG_WARN_OBJC_ROOT_CLASS = YES_ERROR;
				CLANG_WARN_UNREACHABLE_CODE = YES;
				CLANG_WARN__DUPLICATE_METHOD_MATCH = YES;
				"CODE_SIGN_IDENTITY[sdk=iphoneos*]" = "iPhone Developer";
				COPY_PHASE_STRIP = NO;
				ENABLE_STRICT_OBJC_MSGSEND = YES;
				GCC_C_LANGUAGE_STANDARD = gnu99;
				GCC_DYNAMIC_NO_PIC = NO;
				GCC_OPTIMIZATION_LEVEL = 0;
				GCC_PREPROCESSOR_DEFINITIONS = (
					"DEBUG=1",
					"$(inherited)",
				);
				GCC_SYMBOLS_PRIVATE_EXTERN = NO;
				GCC_WARN_64_TO_32_BIT_CONVERSION = YES;
				GCC_WARN_ABOUT_RETURN_TYPE = YES_ERROR;
				GCC_WARN_UNDECLARED_SELECTOR = YES;
				GCC_WARN_UNINITIALIZED_AUTOS = YES_AGGRESSIVE;
				GCC_WARN_UNUSED_FUNCTION = YES;
				GCC_WARN_UNUSED_VARIABLE = YES;
				IPHONEOS_DEPLOYMENT_TARGET = 8.2;
				MTL_ENABLE_DEBUG_INFO = YES;
				ONLY_ACTIVE_ARCH = YES;
				SDKROOT = iphoneos;
			};
			name = Debug;
		};
		DCCF8DD41ABDB3CB00655FFB /* Release */ = {
			isa = XCBuildConfiguration;
			buildSettings = {
				ALWAYS_SEARCH_USER_PATHS = NO;
				CLANG_CXX_LANGUAGE_STANDARD = "gnu++0x";
				CLANG_CXX_LIBRARY = "libc++";
				CLANG_ENABLE_MODULES = YES;
				CLANG_ENABLE_OBJC_ARC = YES;
				CLANG_WARN_BOOL_CONVERSION = YES;
				CLANG_WARN_CONSTANT_CONVERSION = YES;
				CLANG_WARN_DIRECT_OBJC_ISA_USAGE = YES_ERROR;
				CLANG_WARN_EMPTY_BODY = YES;
				CLANG_WARN_ENUM_CONVERSION = YES;
				CLANG_WARN_INT_CONVERSION = YES;
				CLANG_WARN_OBJC_ROOT_CLASS = YES_ERROR;
				CLANG_WARN_UNREACHABLE_CODE = YES;
				CLANG_WARN__DUPLICATE_METHOD_MATCH = YES;
				"CODE_SIGN_IDENTITY[sdk=iphoneos*]" = "iPhone Developer";
				COPY_PHASE_STRIP = NO;
				ENABLE_NS_ASSERTIONS = NO;
				ENABLE_STRICT_OBJC_MSGSEND = YES;
				GCC_C_LANGUAGE_STANDARD = gnu99;
				GCC_WARN_64_TO_32_BIT_CONVERSION = YES;
				GCC_WARN_ABOUT_RETURN_TYPE = YES_ERROR;
				GCC_WARN_UNDECLARED_SELECTOR = YES;
				GCC_WARN_UNINITIALIZED_AUTOS = YES_AGGRESSIVE;
				GCC_WARN_UNUSED_FUNCTION = YES;
				GCC_WARN_UNUSED_VARIABLE = YES;
				IPHONEOS_DEPLOYMENT_TARGET = 8.2;
				MTL_ENABLE_DEBUG_INFO = NO;
				SDKROOT = iphoneos;
				VALIDATE_PRODUCT = YES;
			};
			name = Release;
		};
		DCCF8DD61ABDB3CB00655FFB /* Debug */ = {
			isa = XCBuildConfiguration;
			buildSettings = {
				ASSETCATALOG_COMPILER_APPICON_NAME = AppIcon;
				CODE_SIGN_IDENTITY = "iPhone Developer";
				"CODE_SIGN_IDENTITY[sdk=iphoneos*]" = "iPhone Developer";
				INFOPLIST_FILE = TipsForCityDLUT/Info.plist;
				LD_RUNPATH_SEARCH_PATHS = "$(inherited) @executable_path/Frameworks";
				PRODUCT_NAME = "$(TARGET_NAME)";
				PROVISIONING_PROFILE = "";
			};
			name = Debug;
		};
		DCCF8DD71ABDB3CB00655FFB /* Release */ = {
			isa = XCBuildConfiguration;
			buildSettings = {
				ASSETCATALOG_COMPILER_APPICON_NAME = AppIcon;
				CODE_SIGN_IDENTITY = "iPhone Developer";
				"CODE_SIGN_IDENTITY[sdk=iphoneos*]" = "iPhone Developer";
				INFOPLIST_FILE = TipsForCityDLUT/Info.plist;
				LD_RUNPATH_SEARCH_PATHS = "$(inherited) @executable_path/Frameworks";
				PRODUCT_NAME = "$(TARGET_NAME)";
				PROVISIONING_PROFILE = "";
			};
			name = Release;
		};
		DCCF8DD91ABDB3CB00655FFB /* Debug */ = {
			isa = XCBuildConfiguration;
			buildSettings = {
				BUNDLE_LOADER = "$(TEST_HOST)";
				FRAMEWORK_SEARCH_PATHS = (
					"$(SDKROOT)/Developer/Library/Frameworks",
					"$(inherited)",
				);
				GCC_PREPROCESSOR_DEFINITIONS = (
					"DEBUG=1",
					"$(inherited)",
				);
				INFOPLIST_FILE = TipsForCityDLUTTests/Info.plist;
				LD_RUNPATH_SEARCH_PATHS = "$(inherited) @executable_path/Frameworks @loader_path/Frameworks";
				PRODUCT_NAME = "$(TARGET_NAME)";
				TEST_HOST = "$(BUILT_PRODUCTS_DIR)/TipsForCityDLUT.app/TipsForCityDLUT";
			};
			name = Debug;
		};
		DCCF8DDA1ABDB3CB00655FFB /* Release */ = {
			isa = XCBuildConfiguration;
			buildSettings = {
				BUNDLE_LOADER = "$(TEST_HOST)";
				FRAMEWORK_SEARCH_PATHS = (
					"$(SDKROOT)/Developer/Library/Frameworks",
					"$(inherited)",
				);
				INFOPLIST_FILE = TipsForCityDLUTTests/Info.plist;
				LD_RUNPATH_SEARCH_PATHS = "$(inherited) @executable_path/Frameworks @loader_path/Frameworks";
				PRODUCT_NAME = "$(TARGET_NAME)";
				TEST_HOST = "$(BUILT_PRODUCTS_DIR)/TipsForCityDLUT.app/TipsForCityDLUT";
			};
			name = Release;
		};
/* End XCBuildConfiguration section */

/* Begin XCConfigurationList section */
		DCCF8DAA1ABDB3CB00655FFB /* Build configuration list for PBXProject "TipsForCityDLUT" */ = {
			isa = XCConfigurationList;
			buildConfigurations = (
				DCCF8DD31ABDB3CB00655FFB /* Debug */,
				DCCF8DD41ABDB3CB00655FFB /* Release */,
			);
			defaultConfigurationIsVisible = 0;
			defaultConfigurationName = Release;
		};
		DCCF8DD51ABDB3CB00655FFB /* Build configuration list for PBXNativeTarget "TipsForCityDLUT" */ = {
			isa = XCConfigurationList;
			buildConfigurations = (
				DCCF8DD61ABDB3CB00655FFB /* Debug */,
				DCCF8DD71ABDB3CB00655FFB /* Release */,
			);
			defaultConfigurationIsVisible = 0;
			defaultConfigurationName = Release;
		};
		DCCF8DD81ABDB3CB00655FFB /* Build configuration list for PBXNativeTarget "TipsForCityDLUTTests" */ = {
			isa = XCConfigurationList;
			buildConfigurations = (
				DCCF8DD91ABDB3CB00655FFB /* Debug */,
				DCCF8DDA1ABDB3CB00655FFB /* Release */,
			);
			defaultConfigurationIsVisible = 0;
			defaultConfigurationName = Release;
		};
/* End XCConfigurationList section */

/* Begin XCVersionGroup section */
		DCCF8DB91ABDB3CB00655FFB /* TipsForCityDLUT.xcdatamodeld */ = {
			isa = XCVersionGroup;
			children = (
				DCCF8DBA1ABDB3CB00655FFB /* TipsForCityDLUT.xcdatamodel */,
			);
			currentVersion = DCCF8DBA1ABDB3CB00655FFB /* TipsForCityDLUT.xcdatamodel */;
			path = TipsForCityDLUT.xcdatamodeld;
			sourceTree = "<group>";
			versionGroupType = wrapper.xcdatamodel;
		};
/* End XCVersionGroup section */
	};
	rootObject = DCCF8DA71ABDB3CB00655FFB /* Project object */;
}
